// !$*UTF8*$!
{
	archiveVersion = 1;
	classes = {
	};
	objectVersion = 48;
	objects = {

/* Begin PBXBuildFile section */
		0A1B864320496A1100DECB10 /* AppDelegateActions.swift in Sources */ = {isa = PBXBuildFile; fileRef = 0A1B864220496A1100DECB10 /* AppDelegateActions.swift */; };
		0A2BD37A20264E840058AAEC /* Promise+resolved.swift in Sources */ = {isa = PBXBuildFile; fileRef = 0A2BD37920264E840058AAEC /* Promise+resolved.swift */; };
		0A36F8DB205304640084B503 /* FixLineChartView.swift in Sources */ = {isa = PBXBuildFile; fileRef = 0A36F8D8205304630084B503 /* FixLineChartView.swift */; };
		0A36F8DC205304640084B503 /* DateAxisValueFormater.swift in Sources */ = {isa = PBXBuildFile; fileRef = 0A36F8D9205304630084B503 /* DateAxisValueFormater.swift */; };
		0A36F8DD205304640084B503 /* ChartViewController.swift in Sources */ = {isa = PBXBuildFile; fileRef = 0A36F8DA205304640084B503 /* ChartViewController.swift */; };
		0A36F8E52053E68C0084B503 /* CacheService.swift in Sources */ = {isa = PBXBuildFile; fileRef = 0A36F8E42053E68C0084B503 /* CacheService.swift */; };
		0A37C0E21FC03230006605DC /* CwlSysctl.swift in Sources */ = {isa = PBXBuildFile; fileRef = 0A37C0E11FC03230006605DC /* CwlSysctl.swift */; };
		0A37C0E51FC048BC006605DC /* String+MD5.swift in Sources */ = {isa = PBXBuildFile; fileRef = 0A37C0E41FC048BC006605DC /* String+MD5.swift */; };
		0A3FAB2F2146EB5800831C21 /* WebcamCellView.swift in Sources */ = {isa = PBXBuildFile; fileRef = 0A3FAB2E2146EB5800831C21 /* WebcamCellView.swift */; };
		0A41A376212318FF001D27D6 /* AppVersion.swift in Sources */ = {isa = PBXBuildFile; fileRef = 0A41A375212318FF001D27D6 /* AppVersion.swift */; };
		0A4C61521FC83FAD009F7B51 /* Defaults.swift in Sources */ = {isa = PBXBuildFile; fileRef = 0A4C61511FC83FAD009F7B51 /* Defaults.swift */; };
		0A4DB18220234F73007E4281 /* UserDefaultsBarStyle.swift in Sources */ = {isa = PBXBuildFile; fileRef = 0A4DB18120234F73007E4281 /* UserDefaultsBarStyle.swift */; };
		0A5D858B205D1C1200B15AAA /* CustomFontMenu.swift in Sources */ = {isa = PBXBuildFile; fileRef = 0A5D858A205D1C1100B15AAA /* CustomFontMenu.swift */; };
		0A5DD0BA2041EECC0095358A /* Bool+toggle.swift in Sources */ = {isa = PBXBuildFile; fileRef = 0A5DD0B92041EECC0095358A /* Bool+toggle.swift */; };
		0A5DD0BE20420FA10095358A /* Array+nextIndex.swift in Sources */ = {isa = PBXBuildFile; fileRef = 0A5DD0BD20420FA10095358A /* Array+nextIndex.swift */; };
		0A5F1DC1201F5B8B00B00A54 /* RequestResult.swift in Sources */ = {isa = PBXBuildFile; fileRef = 0A5F1DC0201F5B8B00B00A54 /* RequestResult.swift */; };
		0A5F1DC3201F69C600B00A54 /* ErrorReport.swift in Sources */ = {isa = PBXBuildFile; fileRef = 0A5F1DC2201F69C600B00A54 /* ErrorReport.swift */; };
		0A63DF971FCED92800C35607 /* HwUUID.swift in Sources */ = {isa = PBXBuildFile; fileRef = 0A63DF961FCED92800C35607 /* HwUUID.swift */; };
		0A63DF991FCEDAED00C35607 /* NetService.swift in Sources */ = {isa = PBXBuildFile; fileRef = 0A63DF981FCEDAED00C35607 /* NetService.swift */; };
		0A63DF9B1FCEEDAC00C35607 /* SensorType.swift in Sources */ = {isa = PBXBuildFile; fileRef = 0A63DF9A1FCEEDAC00C35607 /* SensorType.swift */; };
		0A68C0BB1FDAA1FB00E7ACD4 /* Globals.swift in Sources */ = {isa = PBXBuildFile; fileRef = 0A68C0BA1FDAA1FB00E7ACD4 /* Globals.swift */; };
		0A6D89C41FC5C37100034A67 /* md5.swift in Sources */ = {isa = PBXBuildFile; fileRef = 0A6D89C31FC5C37100034A67 /* md5.swift */; };
		0A70D3FD21387358005BB814 /* IDETemplateMacros.plist in Resources */ = {isa = PBXBuildFile; fileRef = 0A70D3FC21387358005BB814 /* IDETemplateMacros.plist */; };
		0A70D40121390D70005BB814 /* WebcamImages.swift in Sources */ = {isa = PBXBuildFile; fileRef = 0A70D40021390D70005BB814 /* WebcamImages.swift */; };
		0A70D4032139A426005BB814 /* WebcamsNearby.swift in Sources */ = {isa = PBXBuildFile; fileRef = 0A70D4022139A426005BB814 /* WebcamsNearby.swift */; };
		0A756277200246090033269C /* AppDelegate.swift in Sources */ = {isa = PBXBuildFile; fileRef = 0A756276200246090033269C /* AppDelegate.swift */; };
		0A756279200246090033269C /* Assets.xcassets in Resources */ = {isa = PBXBuildFile; fileRef = 0A756278200246090033269C /* Assets.xcassets */; };
		0A756283200247930033269C /* NarodBarLauncherApp.app in CopyFiles */ = {isa = PBXBuildFile; fileRef = 0A756274200246090033269C /* NarodBarLauncherApp.app */; settings = {ATTRIBUTES = (RemoveHeadersOnCopy, ); }; };
		0A75628520025BFA0033269C /* main.swift in Sources */ = {isa = PBXBuildFile; fileRef = 0A75628420025BFA0033269C /* main.swift */; };
		0A756287200261490033269C /* LaunchOnLogin.swift in Sources */ = {isa = PBXBuildFile; fileRef = 0A756286200261490033269C /* LaunchOnLogin.swift */; };
		0A7968CB20067ADF008F97D9 /* Localizable.strings in Resources */ = {isa = PBXBuildFile; fileRef = 0A7968CD20067ADF008F97D9 /* Localizable.strings */; };
		0A7968D420067ED0008F97D9 /* InfoPlist.strings in Resources */ = {isa = PBXBuildFile; fileRef = 0A7968D620067ED0008F97D9 /* InfoPlist.strings */; };
		0A7F52B321482BF000A1334E /* WebcamViewController.swift in Sources */ = {isa = PBXBuildFile; fileRef = 0A7F52B221482BF000A1334E /* WebcamViewController.swift */; };
		0A8AFE1320457F96001A2DBF /* MapViewController.swift in Sources */ = {isa = PBXBuildFile; fileRef = 0A8AFE1220457F96001A2DBF /* MapViewController.swift */; };
		0A9194DD1FBB3CFC00D72378 /* AppDelegate.swift in Sources */ = {isa = PBXBuildFile; fileRef = 0A9194DC1FBB3CFC00D72378 /* AppDelegate.swift */; };
		0A9194E11FBB3CFD00D72378 /* Assets.xcassets in Resources */ = {isa = PBXBuildFile; fileRef = 0A9194E01FBB3CFC00D72378 /* Assets.xcassets */; };
		0A9194E41FBB3CFD00D72378 /* Main.storyboard in Resources */ = {isa = PBXBuildFile; fileRef = 0A9194E21FBB3CFD00D72378 /* Main.storyboard */; };
		0A9195031FBB416000D72378 /* SensorsValues.swift in Sources */ = {isa = PBXBuildFile; fileRef = 0A9194FB1FBB416000D72378 /* SensorsValues.swift */; };
		0A9195041FBB416000D72378 /* SensorsHistory.swift in Sources */ = {isa = PBXBuildFile; fileRef = 0A9194FC1FBB416000D72378 /* SensorsHistory.swift */; };
		0A9195051FBB416000D72378 /* SensorsOnDevice.swift in Sources */ = {isa = PBXBuildFile; fileRef = 0A9194FD1FBB416000D72378 /* SensorsOnDevice.swift */; };
		0A9195061FBB416000D72378 /* SensorsNearby.swift in Sources */ = {isa = PBXBuildFile; fileRef = 0A9194FE1FBB416000D72378 /* SensorsNearby.swift */; };
		0A9195071FBB416000D72378 /* UserLogon.swift in Sources */ = {isa = PBXBuildFile; fileRef = 0A9194FF1FBB416000D72378 /* UserLogon.swift */; };
		0A9195081FBB416000D72378 /* UserFavorites.swift in Sources */ = {isa = PBXBuildFile; fileRef = 0A9195001FBB416000D72378 /* UserFavorites.swift */; };
		0A9195091FBB416000D72378 /* UserLogout.swift in Sources */ = {isa = PBXBuildFile; fileRef = 0A9195011FBB416000D72378 /* UserLogout.swift */; };
		0A91950A1FBB416000D72378 /* AppInitData.swift in Sources */ = {isa = PBXBuildFile; fileRef = 0A9195021FBB416000D72378 /* AppInitData.swift */; };
		0A91950C1FBB41AE00D72378 /* Sensor.swift in Sources */ = {isa = PBXBuildFile; fileRef = 0A91950B1FBB41AE00D72378 /* Sensor.swift */; };
		0A9195231FBB463F00D72378 /* NarodAPI.swift in Sources */ = {isa = PBXBuildFile; fileRef = 0A9195151FBB463E00D72378 /* NarodAPI.swift */; };
		0A9195251FBB463F00D72378 /* APIKeys.swift in Sources */ = {isa = PBXBuildFile; fileRef = 0A9195171FBB463E00D72378 /* APIKeys.swift */; };
		0A9AF9FB1FD000C200F5B5BB /* AppDataStore.swift in Sources */ = {isa = PBXBuildFile; fileRef = 0A9AF9FA1FD000C200F5B5BB /* AppDataStore.swift */; };
		0A9AFA011FD00F1C00F5B5BB /* PopoverDelegate.swift in Sources */ = {isa = PBXBuildFile; fileRef = 0A9AFA001FD00F1C00F5B5BB /* PopoverDelegate.swift */; };
		0AA22B85201A176C0081D5FE /* ProxyWindow.swift in Sources */ = {isa = PBXBuildFile; fileRef = 0AA22B84201A176C0081D5FE /* ProxyWindow.swift */; };
		0AA40A3D1FE295780089585B /* PrefsCellView.swift in Sources */ = {isa = PBXBuildFile; fileRef = 0AA40A381FE295770089585B /* PrefsCellView.swift */; };
		0AA40A3E1FE295780089585B /* SensorSettingsViewController.swift in Sources */ = {isa = PBXBuildFile; fileRef = 0AA40A391FE295770089585B /* SensorSettingsViewController.swift */; };
		0AA40A3F1FE295780089585B /* PreferencesViewController.swift in Sources */ = {isa = PBXBuildFile; fileRef = 0AA40A3A1FE295780089585B /* PreferencesViewController.swift */; };
		0AA40A401FE295780089585B /* GeneralSettingsViewController.swift in Sources */ = {isa = PBXBuildFile; fileRef = 0AA40A3B1FE295780089585B /* GeneralSettingsViewController.swift */; };
		0AA40A411FE295780089585B /* SelectTableView.swift in Sources */ = {isa = PBXBuildFile; fileRef = 0AA40A3C1FE295780089585B /* SelectTableView.swift */; };
		0AB311881FD557D500ED680F /* SensorCellView.swift in Sources */ = {isa = PBXBuildFile; fileRef = 0AB311871FD557D500ED680F /* SensorCellView.swift */; };
		0AB3118A1FD557E600ED680F /* DeviceCellView.swift in Sources */ = {isa = PBXBuildFile; fileRef = 0AB311891FD557E600ED680F /* DeviceCellView.swift */; };
		0AB385FC1FC6D6A5007F4EE5 /* KeychainService.swift in Sources */ = {isa = PBXBuildFile; fileRef = 0AB385FB1FC6D6A5007F4EE5 /* KeychainService.swift */; };
		0AB3DB881FBB7DC8002C0705 /* NarodNetworkError.swift in Sources */ = {isa = PBXBuildFile; fileRef = 0AB3DB871FBB7DC8002C0705 /* NarodNetworkError.swift */; };
		0AB3DB891FBC5A1B002C0705 /* NarProvider.swift in Sources */ = {isa = PBXBuildFile; fileRef = 0A9195161FBB463E00D72378 /* NarProvider.swift */; };
		0ABEA4CD1FD33D6E000CCBC3 /* KeyedDecodingContainer.swift in Sources */ = {isa = PBXBuildFile; fileRef = 0ABEA4CC1FD33D6E000CCBC3 /* KeyedDecodingContainer.swift */; };
		0AC4EAEE1FCE0526001573C8 /* PopupViewController.swift in Sources */ = {isa = PBXBuildFile; fileRef = 0AC4EAED1FCE0526001573C8 /* PopupViewController.swift */; };
		0AC6CC4C200685A600F2DAE0 /* InfoPlist.strings in Resources */ = {isa = PBXBuildFile; fileRef = 0AC6CC4E200685A600F2DAE0 /* InfoPlist.strings */; };
		0AC6CC522007E5E100F2DAE0 /* SettingsTabViewController.swift in Sources */ = {isa = PBXBuildFile; fileRef = 0AC6CC512007E5E100F2DAE0 /* SettingsTabViewController.swift */; };
		0AD867A720403C06001C5577 /* TypedNotifications.swift in Sources */ = {isa = PBXBuildFile; fileRef = 0AD867A620403C06001C5577 /* TypedNotifications.swift */; };
		0ADE148E204DEB9600E46192 /* MenuButton.swift in Sources */ = {isa = PBXBuildFile; fileRef = 0ADE148D204DEB9500E46192 /* MenuButton.swift */; };
		0AE1E7002003F47400029333 /* Notifications.swift in Sources */ = {isa = PBXBuildFile; fileRef = 0AE1E6FF2003F47400029333 /* Notifications.swift */; };
		0AE4A8B51FD094F800B6EEAB /* FreeMethods.swift in Sources */ = {isa = PBXBuildFile; fileRef = 0AE4A8B41FD094F800B6EEAB /* FreeMethods.swift */; };
		0AEBDF631FCA0B3B0027A043 /* StatusItemView.swift in Sources */ = {isa = PBXBuildFile; fileRef = 0A6D89C61FC5CCA500034A67 /* StatusItemView.swift */; };
		0AECF54C1FFE8FC3007362D2 /* DeviceIDViewCotroller.swift in Sources */ = {isa = PBXBuildFile; fileRef = 0AECF54B1FFE8FC3007362D2 /* DeviceIDViewCotroller.swift */; };
		19C60B7AF6611009CE8F3D82 /* Pods_NarodmonApp.framework in Frameworks */ = {isa = PBXBuildFile; fileRef = 56217F9C540BE073E62D427B /* Pods_NarodmonApp.framework */; };
/* End PBXBuildFile section */

/* Begin PBXCopyFilesBuildPhase section */
		0A7562822002476F0033269C /* CopyFiles */ = {
			isa = PBXCopyFilesBuildPhase;
			buildActionMask = 2147483647;
			dstPath = Contents/Library/LoginItems;
			dstSubfolderSpec = 1;
			files = (
				0A756283200247930033269C /* NarodBarLauncherApp.app in CopyFiles */,
			);
			runOnlyForDeploymentPostprocessing = 0;
		};
/* End PBXCopyFilesBuildPhase section */

/* Begin PBXFileReference section */
		0A1B864220496A1100DECB10 /* AppDelegateActions.swift */ = {isa = PBXFileReference; lastKnownFileType = sourcecode.swift; path = AppDelegateActions.swift; sourceTree = "<group>"; };
		0A2BD37920264E840058AAEC /* Promise+resolved.swift */ = {isa = PBXFileReference; lastKnownFileType = sourcecode.swift; path = "Promise+resolved.swift"; sourceTree = "<group>"; };
		0A36F8D8205304630084B503 /* FixLineChartView.swift */ = {isa = PBXFileReference; lastKnownFileType = sourcecode.swift; path = FixLineChartView.swift; sourceTree = "<group>"; };
		0A36F8D9205304630084B503 /* DateAxisValueFormater.swift */ = {isa = PBXFileReference; lastKnownFileType = sourcecode.swift; path = DateAxisValueFormater.swift; sourceTree = "<group>"; };
		0A36F8DA205304640084B503 /* ChartViewController.swift */ = {isa = PBXFileReference; lastKnownFileType = sourcecode.swift; path = ChartViewController.swift; sourceTree = "<group>"; };
		0A36F8E42053E68C0084B503 /* CacheService.swift */ = {isa = PBXFileReference; lastKnownFileType = sourcecode.swift; path = CacheService.swift; sourceTree = "<group>"; };
		0A37C0E11FC03230006605DC /* CwlSysctl.swift */ = {isa = PBXFileReference; fileEncoding = 4; lastKnownFileType = sourcecode.swift; path = CwlSysctl.swift; sourceTree = "<group>"; };
		0A37C0E41FC048BC006605DC /* String+MD5.swift */ = {isa = PBXFileReference; lastKnownFileType = sourcecode.swift; path = "String+MD5.swift"; sourceTree = "<group>"; };
		0A3F22511FD2FC2C00D06A20 /* NarodmonApp.entitlements */ = {isa = PBXFileReference; lastKnownFileType = text.plist.entitlements; path = NarodmonApp.entitlements; sourceTree = "<group>"; };
		0A3FAB2E2146EB5800831C21 /* WebcamCellView.swift */ = {isa = PBXFileReference; lastKnownFileType = sourcecode.swift; path = WebcamCellView.swift; sourceTree = "<group>"; };
		0A41A375212318FF001D27D6 /* AppVersion.swift */ = {isa = PBXFileReference; lastKnownFileType = sourcecode.swift; path = AppVersion.swift; sourceTree = "<group>"; };
		0A4C61511FC83FAD009F7B51 /* Defaults.swift */ = {isa = PBXFileReference; lastKnownFileType = sourcecode.swift; path = Defaults.swift; sourceTree = "<group>"; };
		0A4DB18120234F73007E4281 /* UserDefaultsBarStyle.swift */ = {isa = PBXFileReference; lastKnownFileType = sourcecode.swift; path = UserDefaultsBarStyle.swift; sourceTree = "<group>"; };
		0A5D858A205D1C1100B15AAA /* CustomFontMenu.swift */ = {isa = PBXFileReference; lastKnownFileType = sourcecode.swift; path = CustomFontMenu.swift; sourceTree = "<group>"; };
		0A5DD0B92041EECC0095358A /* Bool+toggle.swift */ = {isa = PBXFileReference; lastKnownFileType = sourcecode.swift; path = "Bool+toggle.swift"; sourceTree = "<group>"; };
		0A5DD0BD20420FA10095358A /* Array+nextIndex.swift */ = {isa = PBXFileReference; lastKnownFileType = sourcecode.swift; path = "Array+nextIndex.swift"; sourceTree = "<group>"; };
		0A5F1DC0201F5B8B00B00A54 /* RequestResult.swift */ = {isa = PBXFileReference; lastKnownFileType = sourcecode.swift; path = RequestResult.swift; sourceTree = "<group>"; };
		0A5F1DC2201F69C600B00A54 /* ErrorReport.swift */ = {isa = PBXFileReference; lastKnownFileType = sourcecode.swift; path = ErrorReport.swift; sourceTree = "<group>"; };
		0A63DF961FCED92800C35607 /* HwUUID.swift */ = {isa = PBXFileReference; lastKnownFileType = sourcecode.swift; path = HwUUID.swift; sourceTree = "<group>"; };
		0A63DF981FCEDAED00C35607 /* NetService.swift */ = {isa = PBXFileReference; lastKnownFileType = sourcecode.swift; path = NetService.swift; sourceTree = "<group>"; };
		0A63DF9A1FCEEDAC00C35607 /* SensorType.swift */ = {isa = PBXFileReference; lastKnownFileType = sourcecode.swift; path = SensorType.swift; sourceTree = "<group>"; };
		0A68C0BA1FDAA1FB00E7ACD4 /* Globals.swift */ = {isa = PBXFileReference; lastKnownFileType = sourcecode.swift; path = Globals.swift; sourceTree = "<group>"; };
		0A6D89C31FC5C37100034A67 /* md5.swift */ = {isa = PBXFileReference; fileEncoding = 4; lastKnownFileType = sourcecode.swift; path = md5.swift; sourceTree = "<group>"; };
		0A6D89C61FC5CCA500034A67 /* StatusItemView.swift */ = {isa = PBXFileReference; fileEncoding = 4; lastKnownFileType = sourcecode.swift; path = StatusItemView.swift; sourceTree = "<group>"; };
		0A70D3FC21387358005BB814 /* IDETemplateMacros.plist */ = {isa = PBXFileReference; fileEncoding = 4; lastKnownFileType = text.plist.xml; name = IDETemplateMacros.plist; path = "narodmon-bar.xcworkspace/xcshareddata/IDETemplateMacros.plist"; sourceTree = "<group>"; };
		0A70D40021390D70005BB814 /* WebcamImages.swift */ = {isa = PBXFileReference; lastKnownFileType = sourcecode.swift; path = WebcamImages.swift; sourceTree = "<group>"; };
		0A70D4022139A426005BB814 /* WebcamsNearby.swift */ = {isa = PBXFileReference; lastKnownFileType = sourcecode.swift; path = WebcamsNearby.swift; sourceTree = "<group>"; };
		0A756274200246090033269C /* NarodBarLauncherApp.app */ = {isa = PBXFileReference; explicitFileType = wrapper.application; includeInIndex = 0; path = NarodBarLauncherApp.app; sourceTree = BUILT_PRODUCTS_DIR; };
		0A756276200246090033269C /* AppDelegate.swift */ = {isa = PBXFileReference; lastKnownFileType = sourcecode.swift; path = AppDelegate.swift; sourceTree = "<group>"; };
		0A756278200246090033269C /* Assets.xcassets */ = {isa = PBXFileReference; lastKnownFileType = folder.assetcatalog; path = Assets.xcassets; sourceTree = "<group>"; };
		0A75627E200246090033269C /* NarodBarLauncherApp.entitlements */ = {isa = PBXFileReference; lastKnownFileType = text.plist.entitlements; path = NarodBarLauncherApp.entitlements; sourceTree = "<group>"; };
		0A75628420025BFA0033269C /* main.swift */ = {isa = PBXFileReference; lastKnownFileType = sourcecode.swift; path = main.swift; sourceTree = "<group>"; };
		0A756286200261490033269C /* LaunchOnLogin.swift */ = {isa = PBXFileReference; lastKnownFileType = sourcecode.swift; path = LaunchOnLogin.swift; sourceTree = "<group>"; };
		0A7968CF20067B34008F97D9 /* ru */ = {isa = PBXFileReference; lastKnownFileType = text.plist.strings; name = ru; path = ru.lproj/Main.strings; sourceTree = "<group>"; };
		0A7968D020067B35008F97D9 /* ru */ = {isa = PBXFileReference; lastKnownFileType = text.plist.strings; name = ru; path = ru.lproj/Localizable.strings; sourceTree = "<group>"; };
		0A7968D520067ED0008F97D9 /* ru */ = {isa = PBXFileReference; lastKnownFileType = text.plist.strings; name = ru; path = ru.lproj/InfoPlist.strings; sourceTree = "<group>"; };
		0A7F52B221482BF000A1334E /* WebcamViewController.swift */ = {isa = PBXFileReference; lastKnownFileType = sourcecode.swift; path = WebcamViewController.swift; sourceTree = "<group>"; };
		0A8AFE1220457F96001A2DBF /* MapViewController.swift */ = {isa = PBXFileReference; lastKnownFileType = sourcecode.swift; path = MapViewController.swift; sourceTree = "<group>"; };
		0A9194D91FBB3CFC00D72378 /* NarodmonApp.app */ = {isa = PBXFileReference; explicitFileType = wrapper.application; includeInIndex = 0; path = NarodmonApp.app; sourceTree = BUILT_PRODUCTS_DIR; };
		0A9194DC1FBB3CFC00D72378 /* AppDelegate.swift */ = {isa = PBXFileReference; lastKnownFileType = sourcecode.swift; path = AppDelegate.swift; sourceTree = "<group>"; };
		0A9194E01FBB3CFC00D72378 /* Assets.xcassets */ = {isa = PBXFileReference; lastKnownFileType = folder.assetcatalog; path = Assets.xcassets; sourceTree = "<group>"; };
		0A9194E31FBB3CFD00D72378 /* Base */ = {isa = PBXFileReference; lastKnownFileType = file.storyboard; name = Base; path = Base.lproj/Main.storyboard; sourceTree = "<group>"; };
		0A9194E51FBB3CFD00D72378 /* Info.plist */ = {isa = PBXFileReference; lastKnownFileType = text.plist.xml; path = Info.plist; sourceTree = "<group>"; };
		0A9194FB1FBB416000D72378 /* SensorsValues.swift */ = {isa = PBXFileReference; fileEncoding = 4; lastKnownFileType = sourcecode.swift; path = SensorsValues.swift; sourceTree = "<group>"; };
		0A9194FC1FBB416000D72378 /* SensorsHistory.swift */ = {isa = PBXFileReference; fileEncoding = 4; lastKnownFileType = sourcecode.swift; path = SensorsHistory.swift; sourceTree = "<group>"; };
		0A9194FD1FBB416000D72378 /* SensorsOnDevice.swift */ = {isa = PBXFileReference; fileEncoding = 4; lastKnownFileType = sourcecode.swift; path = SensorsOnDevice.swift; sourceTree = "<group>"; };
		0A9194FE1FBB416000D72378 /* SensorsNearby.swift */ = {isa = PBXFileReference; fileEncoding = 4; lastKnownFileType = sourcecode.swift; path = SensorsNearby.swift; sourceTree = "<group>"; };
		0A9194FF1FBB416000D72378 /* UserLogon.swift */ = {isa = PBXFileReference; fileEncoding = 4; lastKnownFileType = sourcecode.swift; path = UserLogon.swift; sourceTree = "<group>"; };
		0A9195001FBB416000D72378 /* UserFavorites.swift */ = {isa = PBXFileReference; fileEncoding = 4; lastKnownFileType = sourcecode.swift; path = UserFavorites.swift; sourceTree = "<group>"; };
		0A9195011FBB416000D72378 /* UserLogout.swift */ = {isa = PBXFileReference; fileEncoding = 4; lastKnownFileType = sourcecode.swift; path = UserLogout.swift; sourceTree = "<group>"; };
		0A9195021FBB416000D72378 /* AppInitData.swift */ = {isa = PBXFileReference; fileEncoding = 4; lastKnownFileType = sourcecode.swift; path = AppInitData.swift; sourceTree = "<group>"; };
		0A91950B1FBB41AE00D72378 /* Sensor.swift */ = {isa = PBXFileReference; lastKnownFileType = sourcecode.swift; path = Sensor.swift; sourceTree = "<group>"; };
		0A9195151FBB463E00D72378 /* NarodAPI.swift */ = {isa = PBXFileReference; fileEncoding = 4; lastKnownFileType = sourcecode.swift; path = NarodAPI.swift; sourceTree = "<group>"; };
		0A9195161FBB463E00D72378 /* NarProvider.swift */ = {isa = PBXFileReference; fileEncoding = 4; lastKnownFileType = sourcecode.swift; path = NarProvider.swift; sourceTree = "<group>"; };
		0A9195171FBB463E00D72378 /* APIKeys.swift */ = {isa = PBXFileReference; fileEncoding = 4; lastKnownFileType = sourcecode.swift; path = APIKeys.swift; sourceTree = "<group>"; };
		0A9AF9FA1FD000C200F5B5BB /* AppDataStore.swift */ = {isa = PBXFileReference; lastKnownFileType = sourcecode.swift; path = AppDataStore.swift; sourceTree = "<group>"; };
		0A9AFA001FD00F1C00F5B5BB /* PopoverDelegate.swift */ = {isa = PBXFileReference; lastKnownFileType = sourcecode.swift; path = PopoverDelegate.swift; sourceTree = "<group>"; };
		0AA22B84201A176C0081D5FE /* ProxyWindow.swift */ = {isa = PBXFileReference; fileEncoding = 4; lastKnownFileType = sourcecode.swift; path = ProxyWindow.swift; sourceTree = "<group>"; };
		0AA40A381FE295770089585B /* PrefsCellView.swift */ = {isa = PBXFileReference; fileEncoding = 4; lastKnownFileType = sourcecode.swift; path = PrefsCellView.swift; sourceTree = "<group>"; };
		0AA40A391FE295770089585B /* SensorSettingsViewController.swift */ = {isa = PBXFileReference; fileEncoding = 4; lastKnownFileType = sourcecode.swift; path = SensorSettingsViewController.swift; sourceTree = "<group>"; };
		0AA40A3A1FE295780089585B /* PreferencesViewController.swift */ = {isa = PBXFileReference; fileEncoding = 4; lastKnownFileType = sourcecode.swift; path = PreferencesViewController.swift; sourceTree = "<group>"; };
		0AA40A3B1FE295780089585B /* GeneralSettingsViewController.swift */ = {isa = PBXFileReference; fileEncoding = 4; lastKnownFileType = sourcecode.swift; path = GeneralSettingsViewController.swift; sourceTree = "<group>"; };
		0AA40A3C1FE295780089585B /* SelectTableView.swift */ = {isa = PBXFileReference; fileEncoding = 4; lastKnownFileType = sourcecode.swift; path = SelectTableView.swift; sourceTree = "<group>"; };
		0AB311871FD557D500ED680F /* SensorCellView.swift */ = {isa = PBXFileReference; lastKnownFileType = sourcecode.swift; path = SensorCellView.swift; sourceTree = "<group>"; };
		0AB311891FD557E600ED680F /* DeviceCellView.swift */ = {isa = PBXFileReference; lastKnownFileType = sourcecode.swift; path = DeviceCellView.swift; sourceTree = "<group>"; };
		0AB385FB1FC6D6A5007F4EE5 /* KeychainService.swift */ = {isa = PBXFileReference; fileEncoding = 4; lastKnownFileType = sourcecode.swift; path = KeychainService.swift; sourceTree = "<group>"; };
		0AB3DB871FBB7DC8002C0705 /* NarodNetworkError.swift */ = {isa = PBXFileReference; fileEncoding = 4; lastKnownFileType = sourcecode.swift; path = NarodNetworkError.swift; sourceTree = "<group>"; };
		0ABEA4CC1FD33D6E000CCBC3 /* KeyedDecodingContainer.swift */ = {isa = PBXFileReference; lastKnownFileType = sourcecode.swift; path = KeyedDecodingContainer.swift; sourceTree = "<group>"; };
		0AC4EAED1FCE0526001573C8 /* PopupViewController.swift */ = {isa = PBXFileReference; lastKnownFileType = sourcecode.swift; path = PopupViewController.swift; sourceTree = "<group>"; };
		0AC6CC48200683DF00F2DAE0 /* Info.plist */ = {isa = PBXFileReference; fileEncoding = 4; lastKnownFileType = text.plist.xml; path = Info.plist; sourceTree = "<group>"; };
		0AC6CC4D200685A600F2DAE0 /* ru */ = {isa = PBXFileReference; lastKnownFileType = text.plist.strings; name = ru; path = ru.lproj/InfoPlist.strings; sourceTree = "<group>"; };
		0AC6CC512007E5E100F2DAE0 /* SettingsTabViewController.swift */ = {isa = PBXFileReference; lastKnownFileType = sourcecode.swift; path = SettingsTabViewController.swift; sourceTree = "<group>"; };
		0AD867A620403C06001C5577 /* TypedNotifications.swift */ = {isa = PBXFileReference; fileEncoding = 4; lastKnownFileType = sourcecode.swift; path = TypedNotifications.swift; sourceTree = "<group>"; };
		0ADE148D204DEB9500E46192 /* MenuButton.swift */ = {isa = PBXFileReference; lastKnownFileType = sourcecode.swift; path = MenuButton.swift; sourceTree = "<group>"; };
		0AE1E6FF2003F47400029333 /* Notifications.swift */ = {isa = PBXFileReference; lastKnownFileType = sourcecode.swift; path = Notifications.swift; sourceTree = "<group>"; };
		0AE4A8B41FD094F800B6EEAB /* FreeMethods.swift */ = {isa = PBXFileReference; lastKnownFileType = sourcecode.swift; path = FreeMethods.swift; sourceTree = "<group>"; };
		0AECF54B1FFE8FC3007362D2 /* DeviceIDViewCotroller.swift */ = {isa = PBXFileReference; lastKnownFileType = sourcecode.swift; path = DeviceIDViewCotroller.swift; sourceTree = "<group>"; };
		56217F9C540BE073E62D427B /* Pods_NarodmonApp.framework */ = {isa = PBXFileReference; explicitFileType = wrapper.framework; includeInIndex = 0; path = Pods_NarodmonApp.framework; sourceTree = BUILT_PRODUCTS_DIR; };
		E8B543A8137D8E5233766A48 /* Pods-NarodmonApp.debug.xcconfig */ = {isa = PBXFileReference; includeInIndex = 1; lastKnownFileType = text.xcconfig; name = "Pods-NarodmonApp.debug.xcconfig"; path = "Pods/Target Support Files/Pods-NarodmonApp/Pods-NarodmonApp.debug.xcconfig"; sourceTree = "<group>"; };
		E9DF986F5280E900F407CC88 /* Pods-NarodmonApp.release.xcconfig */ = {isa = PBXFileReference; includeInIndex = 1; lastKnownFileType = text.xcconfig; name = "Pods-NarodmonApp.release.xcconfig"; path = "Pods/Target Support Files/Pods-NarodmonApp/Pods-NarodmonApp.release.xcconfig"; sourceTree = "<group>"; };
/* End PBXFileReference section */

/* Begin PBXFrameworksBuildPhase section */
		0A756271200246090033269C /* Frameworks */ = {
			isa = PBXFrameworksBuildPhase;
			buildActionMask = 2147483647;
			files = (
			);
			runOnlyForDeploymentPostprocessing = 0;
		};
		0A9194D61FBB3CFC00D72378 /* Frameworks */ = {
			isa = PBXFrameworksBuildPhase;
			buildActionMask = 2147483647;
			files = (
				19C60B7AF6611009CE8F3D82 /* Pods_NarodmonApp.framework in Frameworks */,
			);
			runOnlyForDeploymentPostprocessing = 0;
		};
/* End PBXFrameworksBuildPhase section */

/* Begin PBXGroup section */
		0A37C0E01FC03217006605DC /* ThirdParty */ = {
			isa = PBXGroup;
			children = (
				0A6D89C31FC5C37100034A67 /* md5.swift */,
				0A37C0E11FC03230006605DC /* CwlSysctl.swift */,
			);
			path = ThirdParty;
			sourceTree = "<group>";
		};
		0A37C0E31FC04890006605DC /* Extension */ = {
			isa = PBXGroup;
			children = (
				0AE1E6FF2003F47400029333 /* Notifications.swift */,
				0A37C0E41FC048BC006605DC /* String+MD5.swift */,
				0ABEA4CC1FD33D6E000CCBC3 /* KeyedDecodingContainer.swift */,
				0A2BD37920264E840058AAEC /* Promise+resolved.swift */,
				0A5DD0B92041EECC0095358A /* Bool+toggle.swift */,
				0A5DD0BD20420FA10095358A /* Array+nextIndex.swift */,
			);
			path = Extension;
			sourceTree = "<group>";
		};
		0A62254E2029A0E50056AEEE /* Support */ = {
			isa = PBXGroup;
			children = (
				0A9194E51FBB3CFD00D72378 /* Info.plist */,
				0A3F22511FD2FC2C00D06A20 /* NarodmonApp.entitlements */,
			);
			path = Support;
			sourceTree = "<group>";
		};
		0A63DF951FCED8F600C35607 /* Utility */ = {
			isa = PBXGroup;
			children = (
				0AD867A620403C06001C5577 /* TypedNotifications.swift */,
				0AE4A8B41FD094F800B6EEAB /* FreeMethods.swift */,
				0A63DF961FCED92800C35607 /* HwUUID.swift */,
				0A756286200261490033269C /* LaunchOnLogin.swift */,
				0A4DB18120234F73007E4281 /* UserDefaultsBarStyle.swift */,
				0A41A375212318FF001D27D6 /* AppVersion.swift */,
			);
			path = Utility;
			sourceTree = "<group>";
		};
		0A6D89C51FC5CC9000034A67 /* UI Components */ = {
			isa = PBXGroup;
			children = (
				0A8AFE1220457F96001A2DBF /* MapViewController.swift */,
				0A7F52B221482BF000A1334E /* WebcamViewController.swift */,
				0A36F8DA205304640084B503 /* ChartViewController.swift */,
				0AA40A3A1FE295780089585B /* PreferencesViewController.swift */,
				0AA40A3B1FE295780089585B /* GeneralSettingsViewController.swift */,
				0AA40A391FE295770089585B /* SensorSettingsViewController.swift */,
				0AA40A381FE295770089585B /* PrefsCellView.swift */,
				0AA40A3C1FE295780089585B /* SelectTableView.swift */,
				0A6D89C61FC5CCA500034A67 /* StatusItemView.swift */,
				0AC4EAED1FCE0526001573C8 /* PopupViewController.swift */,
				0AB311871FD557D500ED680F /* SensorCellView.swift */,
				0AB311891FD557E600ED680F /* DeviceCellView.swift */,
				0A3FAB2E2146EB5800831C21 /* WebcamCellView.swift */,
				0AECF54B1FFE8FC3007362D2 /* DeviceIDViewCotroller.swift */,
				0AC6CC512007E5E100F2DAE0 /* SettingsTabViewController.swift */,
				0ADE148D204DEB9500E46192 /* MenuButton.swift */,
				0A36F8D9205304630084B503 /* DateAxisValueFormater.swift */,
				0A36F8D8205304630084B503 /* FixLineChartView.swift */,
				0A5D858A205D1C1100B15AAA /* CustomFontMenu.swift */,
			);
			path = "UI Components";
			sourceTree = "<group>";
		};
		0A756275200246090033269C /* NarodBarLauncherApp */ = {
			isa = PBXGroup;
			children = (
				0AC6CC4E200685A600F2DAE0 /* InfoPlist.strings */,
				0A75628420025BFA0033269C /* main.swift */,
				0A756276200246090033269C /* AppDelegate.swift */,
				0A756278200246090033269C /* Assets.xcassets */,
				0AC6CC48200683DF00F2DAE0 /* Info.plist */,
				0A75627E200246090033269C /* NarodBarLauncherApp.entitlements */,
			);
			path = NarodBarLauncherApp;
			sourceTree = "<group>";
		};
		0A9194D01FBB3CFC00D72378 = {
			isa = PBXGroup;
			children = (
				0A70D3FC21387358005BB814 /* IDETemplateMacros.plist */,
				0A62254E2029A0E50056AEEE /* Support */,
				0A9194DB1FBB3CFC00D72378 /* narodmon-bar */,
				0A756275200246090033269C /* NarodBarLauncherApp */,
				0A9194DA1FBB3CFC00D72378 /* Products */,
				CC13861C298AD1AC9DC6B105 /* Pods */,
				E784154F73251E22D3C20EDB /* Frameworks */,
			);
			sourceTree = "<group>";
		};
		0A9194DA1FBB3CFC00D72378 /* Products */ = {
			isa = PBXGroup;
			children = (
				0A9194D91FBB3CFC00D72378 /* NarodmonApp.app */,
				0A756274200246090033269C /* NarodBarLauncherApp.app */,
			);
			name = Products;
			sourceTree = "<group>";
		};
		0A9194DB1FBB3CFC00D72378 /* narodmon-bar */ = {
			isa = PBXGroup;
			children = (
				0AB22DAB201895C40000EC30 /* Resource */,
				0A63DF951FCED8F600C35607 /* Utility */,
				0A6D89C51FC5CC9000034A67 /* UI Components */,
				0A37C0E31FC04890006605DC /* Extension */,
				0A37C0E01FC03217006605DC /* ThirdParty */,
				0A91950D1FBB45FB00D72378 /* Network */,
				0A9194FA1FBB3FB600D72378 /* Model */,
				0A9194DC1FBB3CFC00D72378 /* AppDelegate.swift */,
				0A9AFA001FD00F1C00F5B5BB /* PopoverDelegate.swift */,
				0AA22B84201A176C0081D5FE /* ProxyWindow.swift */,
				0A5F1DC2201F69C600B00A54 /* ErrorReport.swift */,
				0A4C61511FC83FAD009F7B51 /* Defaults.swift */,
				0A36F8E42053E68C0084B503 /* CacheService.swift */,
				0AB385FB1FC6D6A5007F4EE5 /* KeychainService.swift */,
				0A68C0BA1FDAA1FB00E7ACD4 /* Globals.swift */,
				0A1B864220496A1100DECB10 /* AppDelegateActions.swift */,
			);
			path = "narodmon-bar";
			sourceTree = "<group>";
		};
		0A9194FA1FBB3FB600D72378 /* Model */ = {
			isa = PBXGroup;
			children = (
				0A9AF9FA1FD000C200F5B5BB /* AppDataStore.swift */,
				0A9195021FBB416000D72378 /* AppInitData.swift */,
				0A9194FC1FBB416000D72378 /* SensorsHistory.swift */,
				0A9194FE1FBB416000D72378 /* SensorsNearby.swift */,
				0A9194FD1FBB416000D72378 /* SensorsOnDevice.swift */,
				0A9194FB1FBB416000D72378 /* SensorsValues.swift */,
				0A9195001FBB416000D72378 /* UserFavorites.swift */,
				0A9194FF1FBB416000D72378 /* UserLogon.swift */,
				0A9195011FBB416000D72378 /* UserLogout.swift */,
				0A91950B1FBB41AE00D72378 /* Sensor.swift */,
				0A63DF9A1FCEEDAC00C35607 /* SensorType.swift */,
				0A5F1DC0201F5B8B00B00A54 /* RequestResult.swift */,
				0A70D40021390D70005BB814 /* WebcamImages.swift */,
				0A70D4022139A426005BB814 /* WebcamsNearby.swift */,
			);
			path = Model;
			sourceTree = "<group>";
		};
		0A91950D1FBB45FB00D72378 /* Network */ = {
			isa = PBXGroup;
			children = (
				0A9195171FBB463E00D72378 /* APIKeys.swift */,
				0A9195151FBB463E00D72378 /* NarodAPI.swift */,
				0AB3DB871FBB7DC8002C0705 /* NarodNetworkError.swift */,
				0A9195161FBB463E00D72378 /* NarProvider.swift */,
				0A63DF981FCEDAED00C35607 /* NetService.swift */,
			);
			path = Network;
			sourceTree = "<group>";
		};
		0AB22DAB201895C40000EC30 /* Resource */ = {
			isa = PBXGroup;
			children = (
				0A7968D620067ED0008F97D9 /* InfoPlist.strings */,
				0A7968CD20067ADF008F97D9 /* Localizable.strings */,
				0A9194E01FBB3CFC00D72378 /* Assets.xcassets */,
				0A9194E21FBB3CFD00D72378 /* Main.storyboard */,
			);
			path = Resource;
			sourceTree = "<group>";
		};
		CC13861C298AD1AC9DC6B105 /* Pods */ = {
			isa = PBXGroup;
			children = (
				E8B543A8137D8E5233766A48 /* Pods-NarodmonApp.debug.xcconfig */,
				E9DF986F5280E900F407CC88 /* Pods-NarodmonApp.release.xcconfig */,
			);
			name = Pods;
			sourceTree = "<group>";
		};
		E784154F73251E22D3C20EDB /* Frameworks */ = {
			isa = PBXGroup;
			children = (
				56217F9C540BE073E62D427B /* Pods_NarodmonApp.framework */,
			);
			name = Frameworks;
			sourceTree = "<group>";
		};
/* End PBXGroup section */

/* Begin PBXNativeTarget section */
		0A756273200246090033269C /* NarodBarLauncherApp */ = {
			isa = PBXNativeTarget;
			buildConfigurationList = 0A756281200246090033269C /* Build configuration list for PBXNativeTarget "NarodBarLauncherApp" */;
			buildPhases = (
				0A756270200246090033269C /* Sources */,
				0A756271200246090033269C /* Frameworks */,
				0A756272200246090033269C /* Resources */,
			);
			buildRules = (
			);
			dependencies = (
			);
			name = NarodBarLauncherApp;
			productName = NarodBarLauncherApp;
			productReference = 0A756274200246090033269C /* NarodBarLauncherApp.app */;
			productType = "com.apple.product-type.application";
		};
		0A9194D81FBB3CFC00D72378 /* NarodmonApp */ = {
			isa = PBXNativeTarget;
			buildConfigurationList = 0A9194F41FBB3CFD00D72378 /* Build configuration list for PBXNativeTarget "NarodmonApp" */;
			buildPhases = (
				9CA40144DF03D318D1511CCD /* [CP] Check Pods Manifest.lock */,
				0A9194D51FBB3CFC00D72378 /* Sources */,
				0A9194D61FBB3CFC00D72378 /* Frameworks */,
				0A9194D71FBB3CFC00D72378 /* Resources */,
				0A9907B2200BF2B8007EDA6D /* Set version information */,
				0A7562822002476F0033269C /* CopyFiles */,
				84AF0B37CDE742283E617514 /* [CP] Embed Pods Frameworks */,
				0A5D8587205C52C000B15AAA /* Update localizations */,
			);
			buildRules = (
			);
			dependencies = (
			);
			name = NarodmonApp;
			productName = "narodmon-bar";
			productReference = 0A9194D91FBB3CFC00D72378 /* NarodmonApp.app */;
			productType = "com.apple.product-type.application";
		};
/* End PBXNativeTarget section */

/* Begin PBXProject section */
		0A9194D11FBB3CFC00D72378 /* Project object */ = {
			isa = PBXProject;
			attributes = {
				LastSwiftUpdateCheck = 0920;
				LastUpgradeCheck = 0930;
				ORGANIZATIONNAME = "Dmitriy Borovikov";
				TargetAttributes = {
					0A756273200246090033269C = {
						CreatedOnToolsVersion = 9.2;
						LastSwiftMigration = 1000;
						ProvisioningStyle = Automatic;
					};
					0A9194D81FBB3CFC00D72378 = {
						CreatedOnToolsVersion = 9.1;
						LastSwiftMigration = 1000;
						ProvisioningStyle = Automatic;
						SystemCapabilities = {
							com.apple.Sandbox = {
								enabled = 1;
							};
						};
					};
				};
			};
			buildConfigurationList = 0A9194D41FBB3CFC00D72378 /* Build configuration list for PBXProject "narodmon-bar" */;
			compatibilityVersion = "Xcode 8.0";
			developmentRegion = en;
			hasScannedForEncodings = 0;
			knownRegions = (
				en,
				Base,
				ru,
			);
			mainGroup = 0A9194D01FBB3CFC00D72378;
			productRefGroup = 0A9194DA1FBB3CFC00D72378 /* Products */;
			projectDirPath = "";
			projectRoot = "";
			targets = (
				0A9194D81FBB3CFC00D72378 /* NarodmonApp */,
				0A756273200246090033269C /* NarodBarLauncherApp */,
			);
		};
/* End PBXProject section */

/* Begin PBXResourcesBuildPhase section */
		0A756272200246090033269C /* Resources */ = {
			isa = PBXResourcesBuildPhase;
			buildActionMask = 2147483647;
			files = (
				0AC6CC4C200685A600F2DAE0 /* InfoPlist.strings in Resources */,
				0A756279200246090033269C /* Assets.xcassets in Resources */,
			);
			runOnlyForDeploymentPostprocessing = 0;
		};
		0A9194D71FBB3CFC00D72378 /* Resources */ = {
			isa = PBXResourcesBuildPhase;
			buildActionMask = 2147483647;
			files = (
				0A9194E11FBB3CFD00D72378 /* Assets.xcassets in Resources */,
				0A7968D420067ED0008F97D9 /* InfoPlist.strings in Resources */,
				0A70D3FD21387358005BB814 /* IDETemplateMacros.plist in Resources */,
				0A7968CB20067ADF008F97D9 /* Localizable.strings in Resources */,
				0A9194E41FBB3CFD00D72378 /* Main.storyboard in Resources */,
			);
			runOnlyForDeploymentPostprocessing = 0;
		};
/* End PBXResourcesBuildPhase section */

/* Begin PBXShellScriptBuildPhase section */
		0A5D8587205C52C000B15AAA /* Update localizations */ = {
			isa = PBXShellScriptBuildPhase;
			buildActionMask = 2147483647;
			files = (
			);
			inputPaths = (
			);
			name = "Update localizations";
			outputPaths = (
			);
			runOnlyForDeploymentPostprocessing = 0;
			shellPath = /bin/sh;
			shellScript = "if [[ \"$CONFIGURATION\" == \"Debug\" ]]; then\nif which bartycrouch > /dev/null; then\n# Incrementally update all Storyboards/XIBs strings files\nbartycrouch interfaces -p \"$PROJECT_DIR\"\n\n# Add new keys to Localizable.strings files from NSLocalizedString in code\nbartycrouch code -p \"$PROJECT_DIR\" -l \"$PROJECT_DIR\" -a -s\nelse\necho \"warning: BartyCrouch not installed, download it from https://github.com/Flinesoft/BartyCrouch\"\nfi\nfi";
		};
		0A9907B2200BF2B8007EDA6D /* Set version information */ = {
			isa = PBXShellScriptBuildPhase;
			buildActionMask = 2147483647;
			files = (
			);
			inputPaths = (
			);
			name = "Set version information";
			outputPaths = (
			);
			runOnlyForDeploymentPostprocessing = 0;
			shellPath = /bin/sh;
			shellScript = "git=$(sh /etc/profile; which git)\nnumber_of_commits=$(\"$git\" rev-list HEAD | wc -l | tr -d ' ')\n\nsource_plist=\"`pwd`/Support/Info.plist\"\ntarget_plist=\"$TARGET_BUILD_DIR/$INFOPLIST_PATH\"\ndsym_plist=\"$DWARF_DSYM_FOLDER_PATH/$DWARF_DSYM_FILE_NAME/Contents/Info.plist\"\n\nif [[ \"$CONFIGURATION\" == \"Release\" ]]; then\nsources=(\"$source_plist\" \"$target_plist\" \"$dsym_plist\")\nelse\nsources=(\"$target_plist\" \"$dsym_plist\")\nfi\n\nfor plist in ${sources[@]}; do\nif [ -f \"$plist\" ]; then\n/usr/libexec/PlistBuddy -c \"Set :CFBundleVersion $number_of_commits\" \"$plist\"\nfi\ndone";
		};
		84AF0B37CDE742283E617514 /* [CP] Embed Pods Frameworks */ = {
			isa = PBXShellScriptBuildPhase;
			buildActionMask = 2147483647;
			files = (
			);
			inputPaths = (
				"${SRCROOT}/Pods/Target Support Files/Pods-NarodmonApp/Pods-NarodmonApp-frameworks.sh",
				"${BUILT_PRODUCTS_DIR}/Alamofire/Alamofire.framework",
				"${BUILT_PRODUCTS_DIR}/Cache/Cache.framework",
				"${BUILT_PRODUCTS_DIR}/Charts/Charts.framework",
				"${BUILT_PRODUCTS_DIR}/KeychainAccess/KeychainAccess.framework",
				"${BUILT_PRODUCTS_DIR}/Keys/Keys.framework",
				"${BUILT_PRODUCTS_DIR}/Moya/Moya.framework",
				"${BUILT_PRODUCTS_DIR}/ProgressKit/ProgressKit.framework",
				"${BUILT_PRODUCTS_DIR}/PromiseKit/PromiseKit.framework",
				"${BUILT_PRODUCTS_DIR}/Result/Result.framework",
				"${BUILT_PRODUCTS_DIR}/SwiftyUserDefaults/SwiftyUserDefaults.framework",
			);
			name = "[CP] Embed Pods Frameworks";
			outputPaths = (
				"${TARGET_BUILD_DIR}/${FRAMEWORKS_FOLDER_PATH}/Alamofire.framework",
				"${TARGET_BUILD_DIR}/${FRAMEWORKS_FOLDER_PATH}/Cache.framework",
				"${TARGET_BUILD_DIR}/${FRAMEWORKS_FOLDER_PATH}/Charts.framework",
				"${TARGET_BUILD_DIR}/${FRAMEWORKS_FOLDER_PATH}/KeychainAccess.framework",
				"${TARGET_BUILD_DIR}/${FRAMEWORKS_FOLDER_PATH}/Keys.framework",
				"${TARGET_BUILD_DIR}/${FRAMEWORKS_FOLDER_PATH}/Moya.framework",
				"${TARGET_BUILD_DIR}/${FRAMEWORKS_FOLDER_PATH}/ProgressKit.framework",
				"${TARGET_BUILD_DIR}/${FRAMEWORKS_FOLDER_PATH}/PromiseKit.framework",
				"${TARGET_BUILD_DIR}/${FRAMEWORKS_FOLDER_PATH}/Result.framework",
				"${TARGET_BUILD_DIR}/${FRAMEWORKS_FOLDER_PATH}/SwiftyUserDefaults.framework",
			);
			runOnlyForDeploymentPostprocessing = 0;
			shellPath = /bin/sh;
			shellScript = "\"${SRCROOT}/Pods/Target Support Files/Pods-NarodmonApp/Pods-NarodmonApp-frameworks.sh\"\n";
			showEnvVarsInLog = 0;
		};
		9CA40144DF03D318D1511CCD /* [CP] Check Pods Manifest.lock */ = {
			isa = PBXShellScriptBuildPhase;
			buildActionMask = 2147483647;
			files = (
			);
			inputPaths = (
				"${PODS_PODFILE_DIR_PATH}/Podfile.lock",
				"${PODS_ROOT}/Manifest.lock",
			);
			name = "[CP] Check Pods Manifest.lock";
			outputPaths = (
				"$(DERIVED_FILE_DIR)/Pods-NarodmonApp-checkManifestLockResult.txt",
			);
			runOnlyForDeploymentPostprocessing = 0;
			shellPath = /bin/sh;
			shellScript = "diff \"${PODS_PODFILE_DIR_PATH}/Podfile.lock\" \"${PODS_ROOT}/Manifest.lock\" > /dev/null\nif [ $? != 0 ] ; then\n    # print error to STDERR\n    echo \"error: The sandbox is not in sync with the Podfile.lock. Run 'pod install' or update your CocoaPods installation.\" >&2\n    exit 1\nfi\n# This output is used by Xcode 'outputs' to avoid re-running this script phase.\necho \"SUCCESS\" > \"${SCRIPT_OUTPUT_FILE_0}\"\n";
			showEnvVarsInLog = 0;
		};
/* End PBXShellScriptBuildPhase section */

/* Begin PBXSourcesBuildPhase section */
		0A756270200246090033269C /* Sources */ = {
			isa = PBXSourcesBuildPhase;
			buildActionMask = 2147483647;
			files = (
				0A75628520025BFA0033269C /* main.swift in Sources */,
				0A756277200246090033269C /* AppDelegate.swift in Sources */,
			);
			runOnlyForDeploymentPostprocessing = 0;
		};
		0A9194D51FBB3CFC00D72378 /* Sources */ = {
			isa = PBXSourcesBuildPhase;
			buildActionMask = 2147483647;
			files = (
				0A6D89C41FC5C37100034A67 /* md5.swift in Sources */,
				0A5DD0BE20420FA10095358A /* Array+nextIndex.swift in Sources */,
				0A756287200261490033269C /* LaunchOnLogin.swift in Sources */,
				0AC4EAEE1FCE0526001573C8 /* PopupViewController.swift in Sources */,
				0A9195091FBB416000D72378 /* UserLogout.swift in Sources */,
				0A36F8DD205304640084B503 /* ChartViewController.swift in Sources */,
				0A5F1DC1201F5B8B00B00A54 /* RequestResult.swift in Sources */,
				0A2BD37A20264E840058AAEC /* Promise+resolved.swift in Sources */,
				0AA40A401FE295780089585B /* GeneralSettingsViewController.swift in Sources */,
				0A37C0E51FC048BC006605DC /* String+MD5.swift in Sources */,
				0A9195081FBB416000D72378 /* UserFavorites.swift in Sources */,
				0AECF54C1FFE8FC3007362D2 /* DeviceIDViewCotroller.swift in Sources */,
				0A70D40121390D70005BB814 /* WebcamImages.swift in Sources */,
				0A37C0E21FC03230006605DC /* CwlSysctl.swift in Sources */,
				0AA40A411FE295780089585B /* SelectTableView.swift in Sources */,
				0A36F8DC205304640084B503 /* DateAxisValueFormater.swift in Sources */,
				0AB3118A1FD557E600ED680F /* DeviceCellView.swift in Sources */,
				0A1B864320496A1100DECB10 /* AppDelegateActions.swift in Sources */,
				0AEBDF631FCA0B3B0027A043 /* StatusItemView.swift in Sources */,
				0AC6CC522007E5E100F2DAE0 /* SettingsTabViewController.swift in Sources */,
				0A63DF971FCED92800C35607 /* HwUUID.swift in Sources */,
				0AB3DB891FBC5A1B002C0705 /* NarProvider.swift in Sources */,
				0AA40A3D1FE295780089585B /* PrefsCellView.swift in Sources */,
				0A5D858B205D1C1200B15AAA /* CustomFontMenu.swift in Sources */,
				0A9195231FBB463F00D72378 /* NarodAPI.swift in Sources */,
				0A36F8DB205304640084B503 /* FixLineChartView.swift in Sources */,
				0A4DB18220234F73007E4281 /* UserDefaultsBarStyle.swift in Sources */,
				0A91950C1FBB41AE00D72378 /* Sensor.swift in Sources */,
				0A9194DD1FBB3CFC00D72378 /* AppDelegate.swift in Sources */,
				0AE1E7002003F47400029333 /* Notifications.swift in Sources */,
				0A9195061FBB416000D72378 /* SensorsNearby.swift in Sources */,
				0A41A376212318FF001D27D6 /* AppVersion.swift in Sources */,
				0ADE148E204DEB9600E46192 /* MenuButton.swift in Sources */,
				0A63DF991FCEDAED00C35607 /* NetService.swift in Sources */,
				0A9AFA011FD00F1C00F5B5BB /* PopoverDelegate.swift in Sources */,
				0A7F52B321482BF000A1334E /* WebcamViewController.swift in Sources */,
				0AE4A8B51FD094F800B6EEAB /* FreeMethods.swift in Sources */,
				0AD867A720403C06001C5577 /* TypedNotifications.swift in Sources */,
				0A3FAB2F2146EB5800831C21 /* WebcamCellView.swift in Sources */,
				0A9195041FBB416000D72378 /* SensorsHistory.swift in Sources */,
				0AA40A3F1FE295780089585B /* PreferencesViewController.swift in Sources */,
				0A5F1DC3201F69C600B00A54 /* ErrorReport.swift in Sources */,
				0ABEA4CD1FD33D6E000CCBC3 /* KeyedDecodingContainer.swift in Sources */,
				0A9AF9FB1FD000C200F5B5BB /* AppDataStore.swift in Sources */,
				0A8AFE1320457F96001A2DBF /* MapViewController.swift in Sources */,
				0A63DF9B1FCEEDAC00C35607 /* SensorType.swift in Sources */,
				0A9195251FBB463F00D72378 /* APIKeys.swift in Sources */,
				0A70D4032139A426005BB814 /* WebcamsNearby.swift in Sources */,
				0A9195031FBB416000D72378 /* SensorsValues.swift in Sources */,
				0AA22B85201A176C0081D5FE /* ProxyWindow.swift in Sources */,
				0AB385FC1FC6D6A5007F4EE5 /* KeychainService.swift in Sources */,
				0A9195071FBB416000D72378 /* UserLogon.swift in Sources */,
				0A68C0BB1FDAA1FB00E7ACD4 /* Globals.swift in Sources */,
				0AA40A3E1FE295780089585B /* SensorSettingsViewController.swift in Sources */,
				0AB311881FD557D500ED680F /* SensorCellView.swift in Sources */,
				0AB3DB881FBB7DC8002C0705 /* NarodNetworkError.swift in Sources */,
				0A9195051FBB416000D72378 /* SensorsOnDevice.swift in Sources */,
				0A5DD0BA2041EECC0095358A /* Bool+toggle.swift in Sources */,
				0A91950A1FBB416000D72378 /* AppInitData.swift in Sources */,
				0A4C61521FC83FAD009F7B51 /* Defaults.swift in Sources */,
				0A36F8E52053E68C0084B503 /* CacheService.swift in Sources */,
			);
			runOnlyForDeploymentPostprocessing = 0;
		};
/* End PBXSourcesBuildPhase section */

/* Begin PBXVariantGroup section */
		0A7968CD20067ADF008F97D9 /* Localizable.strings */ = {
			isa = PBXVariantGroup;
			children = (
				0A7968D020067B35008F97D9 /* ru */,
			);
			name = Localizable.strings;
			sourceTree = "<group>";
		};
		0A7968D620067ED0008F97D9 /* InfoPlist.strings */ = {
			isa = PBXVariantGroup;
			children = (
				0A7968D520067ED0008F97D9 /* ru */,
			);
			name = InfoPlist.strings;
			sourceTree = "<group>";
		};
		0A9194E21FBB3CFD00D72378 /* Main.storyboard */ = {
			isa = PBXVariantGroup;
			children = (
				0A9194E31FBB3CFD00D72378 /* Base */,
				0A7968CF20067B34008F97D9 /* ru */,
			);
			name = Main.storyboard;
			sourceTree = "<group>";
		};
		0AC6CC4E200685A600F2DAE0 /* InfoPlist.strings */ = {
			isa = PBXVariantGroup;
			children = (
				0AC6CC4D200685A600F2DAE0 /* ru */,
			);
			name = InfoPlist.strings;
			sourceTree = "<group>";
		};
/* End PBXVariantGroup section */

/* Begin XCBuildConfiguration section */
		0A75627F200246090033269C /* Debug */ = {
			isa = XCBuildConfiguration;
			buildSettings = {
				ASSETCATALOG_COMPILER_APPICON_NAME = AppIcon;
				CODE_SIGN_ENTITLEMENTS = NarodBarLauncherApp/NarodBarLauncherApp.entitlements;
				CODE_SIGN_STYLE = Automatic;
				COMBINE_HIDPI_IMAGES = YES;
				DEVELOPMENT_TEAM = 9BEQ8V4XH9;
				INFOPLIST_FILE = NarodBarLauncherApp/Info.plist;
				LD_RUNPATH_SEARCH_PATHS = "$(inherited) @executable_path/../Frameworks";
				PRODUCT_BUNDLE_IDENTIFIER = me.borovikov.narodmonbar.LauncherApp;
				PRODUCT_NAME = "$(TARGET_NAME)";
				SKIP_INSTALL = YES;
				SWIFT_VERSION = 4.0;
			};
			name = Debug;
		};
		0A756280200246090033269C /* Release */ = {
			isa = XCBuildConfiguration;
			buildSettings = {
				ASSETCATALOG_COMPILER_APPICON_NAME = AppIcon;
				CODE_SIGN_ENTITLEMENTS = NarodBarLauncherApp/NarodBarLauncherApp.entitlements;
				CODE_SIGN_STYLE = Automatic;
				COMBINE_HIDPI_IMAGES = YES;
				DEVELOPMENT_TEAM = 9BEQ8V4XH9;
				INFOPLIST_FILE = NarodBarLauncherApp/Info.plist;
				LD_RUNPATH_SEARCH_PATHS = "$(inherited) @executable_path/../Frameworks";
				PRODUCT_BUNDLE_IDENTIFIER = me.borovikov.narodmonbar.LauncherApp;
				PRODUCT_NAME = "$(TARGET_NAME)";
				SKIP_INSTALL = YES;
				SWIFT_VERSION = 4.0;
			};
			name = Release;
		};
		0A9194F21FBB3CFD00D72378 /* Debug */ = {
			isa = XCBuildConfiguration;
			buildSettings = {
				ALWAYS_SEARCH_USER_PATHS = NO;
				CLANG_ANALYZER_LOCALIZABILITY_NONLOCALIZED = YES;
				CLANG_ANALYZER_NONNULL = YES;
				CLANG_ANALYZER_NUMBER_OBJECT_CONVERSION = YES_AGGRESSIVE;
				CLANG_CXX_LANGUAGE_STANDARD = "gnu++14";
				CLANG_CXX_LIBRARY = "libc++";
				CLANG_ENABLE_MODULES = YES;
				CLANG_ENABLE_OBJC_ARC = YES;
				CLANG_WARN_BLOCK_CAPTURE_AUTORELEASING = YES;
				CLANG_WARN_BOOL_CONVERSION = YES;
				CLANG_WARN_COMMA = YES;
				CLANG_WARN_CONSTANT_CONVERSION = YES;
				CLANG_WARN_DEPRECATED_OBJC_IMPLEMENTATIONS = YES;
				CLANG_WARN_DIRECT_OBJC_ISA_USAGE = YES_ERROR;
				CLANG_WARN_DOCUMENTATION_COMMENTS = YES;
				CLANG_WARN_EMPTY_BODY = YES;
				CLANG_WARN_ENUM_CONVERSION = YES;
				CLANG_WARN_INFINITE_RECURSION = YES;
				CLANG_WARN_INT_CONVERSION = YES;
				CLANG_WARN_NON_LITERAL_NULL_CONVERSION = YES;
				CLANG_WARN_OBJC_IMPLICIT_RETAIN_SELF = YES;
				CLANG_WARN_OBJC_LITERAL_CONVERSION = YES;
				CLANG_WARN_OBJC_ROOT_CLASS = YES_ERROR;
				CLANG_WARN_RANGE_LOOP_ANALYSIS = YES;
				CLANG_WARN_STRICT_PROTOTYPES = YES;
				CLANG_WARN_SUSPICIOUS_MOVE = YES;
				CLANG_WARN_UNGUARDED_AVAILABILITY = YES_AGGRESSIVE;
				CLANG_WARN_UNREACHABLE_CODE = YES;
				CLANG_WARN__DUPLICATE_METHOD_MATCH = YES;
				CODE_SIGN_IDENTITY = "Mac Developer";
				COPY_PHASE_STRIP = NO;
				DEBUG_INFORMATION_FORMAT = dwarf;
				ENABLE_STRICT_OBJC_MSGSEND = YES;
				ENABLE_TESTABILITY = YES;
				GCC_C_LANGUAGE_STANDARD = gnu11;
				GCC_DYNAMIC_NO_PIC = NO;
				GCC_NO_COMMON_BLOCKS = YES;
				GCC_OPTIMIZATION_LEVEL = 0;
				GCC_PREPROCESSOR_DEFINITIONS = (
					"DEBUG=1",
					"$(inherited)",
				);
				GCC_WARN_64_TO_32_BIT_CONVERSION = YES;
				GCC_WARN_ABOUT_RETURN_TYPE = YES_ERROR;
				GCC_WARN_UNDECLARED_SELECTOR = YES;
				GCC_WARN_UNINITIALIZED_AUTOS = YES_AGGRESSIVE;
				GCC_WARN_UNUSED_FUNCTION = YES;
				GCC_WARN_UNUSED_VARIABLE = YES;
				MACOSX_DEPLOYMENT_TARGET = 10.13;
				MTL_ENABLE_DEBUG_INFO = YES;
				ONLY_ACTIVE_ARCH = YES;
				SDKROOT = macosx;
				SWIFT_ACTIVE_COMPILATION_CONDITIONS = DEBUG;
				SWIFT_OPTIMIZATION_LEVEL = "-Onone";
			};
			name = Debug;
		};
		0A9194F31FBB3CFD00D72378 /* Release */ = {
			isa = XCBuildConfiguration;
			buildSettings = {
				ALWAYS_SEARCH_USER_PATHS = NO;
				CLANG_ANALYZER_LOCALIZABILITY_NONLOCALIZED = YES;
				CLANG_ANALYZER_NONNULL = YES;
				CLANG_ANALYZER_NUMBER_OBJECT_CONVERSION = YES_AGGRESSIVE;
				CLANG_CXX_LANGUAGE_STANDARD = "gnu++14";
				CLANG_CXX_LIBRARY = "libc++";
				CLANG_ENABLE_MODULES = YES;
				CLANG_ENABLE_OBJC_ARC = YES;
				CLANG_WARN_BLOCK_CAPTURE_AUTORELEASING = YES;
				CLANG_WARN_BOOL_CONVERSION = YES;
				CLANG_WARN_COMMA = YES;
				CLANG_WARN_CONSTANT_CONVERSION = YES;
				CLANG_WARN_DEPRECATED_OBJC_IMPLEMENTATIONS = YES;
				CLANG_WARN_DIRECT_OBJC_ISA_USAGE = YES_ERROR;
				CLANG_WARN_DOCUMENTATION_COMMENTS = YES;
				CLANG_WARN_EMPTY_BODY = YES;
				CLANG_WARN_ENUM_CONVERSION = YES;
				CLANG_WARN_INFINITE_RECURSION = YES;
				CLANG_WARN_INT_CONVERSION = YES;
				CLANG_WARN_NON_LITERAL_NULL_CONVERSION = YES;
				CLANG_WARN_OBJC_IMPLICIT_RETAIN_SELF = YES;
				CLANG_WARN_OBJC_LITERAL_CONVERSION = YES;
				CLANG_WARN_OBJC_ROOT_CLASS = YES_ERROR;
				CLANG_WARN_RANGE_LOOP_ANALYSIS = YES;
				CLANG_WARN_STRICT_PROTOTYPES = YES;
				CLANG_WARN_SUSPICIOUS_MOVE = YES;
				CLANG_WARN_UNGUARDED_AVAILABILITY = YES_AGGRESSIVE;
				CLANG_WARN_UNREACHABLE_CODE = YES;
				CLANG_WARN__DUPLICATE_METHOD_MATCH = YES;
				CODE_SIGN_IDENTITY = "Mac Developer";
				COPY_PHASE_STRIP = NO;
				DEBUG_INFORMATION_FORMAT = "dwarf-with-dsym";
				ENABLE_NS_ASSERTIONS = NO;
				ENABLE_STRICT_OBJC_MSGSEND = YES;
				GCC_C_LANGUAGE_STANDARD = gnu11;
				GCC_NO_COMMON_BLOCKS = YES;
				GCC_WARN_64_TO_32_BIT_CONVERSION = YES;
				GCC_WARN_ABOUT_RETURN_TYPE = YES_ERROR;
				GCC_WARN_UNDECLARED_SELECTOR = YES;
				GCC_WARN_UNINITIALIZED_AUTOS = YES_AGGRESSIVE;
				GCC_WARN_UNUSED_FUNCTION = YES;
				GCC_WARN_UNUSED_VARIABLE = YES;
				MACOSX_DEPLOYMENT_TARGET = 10.13;
				MTL_ENABLE_DEBUG_INFO = NO;
				SDKROOT = macosx;
				SWIFT_OPTIMIZATION_LEVEL = "-Owholemodule";
			};
			name = Release;
		};
		0A9194F51FBB3CFD00D72378 /* Debug */ = {
			isa = XCBuildConfiguration;
			baseConfigurationReference = E8B543A8137D8E5233766A48 /* Pods-NarodmonApp.debug.xcconfig */;
			buildSettings = {
				ASSETCATALOG_COMPILER_APPICON_NAME = AppIcon;
				CODE_SIGN_ENTITLEMENTS = Support/NarodmonApp.entitlements;
				CODE_SIGN_IDENTITY = "Mac Developer";
				CODE_SIGN_STYLE = Automatic;
				COMBINE_HIDPI_IMAGES = YES;
				DEVELOPMENT_TEAM = 9BEQ8V4XH9;
				INFOPLIST_FILE = Support/Info.plist;
				LD_RUNPATH_SEARCH_PATHS = "$(inherited) @executable_path/../Frameworks";
				PRODUCT_BUNDLE_IDENTIFIER = me.borovikov.narodmonbar;
				PRODUCT_NAME = "$(TARGET_NAME)";
				PROVISIONING_PROFILE_SPECIFIER = "";
				SWIFT_VERSION = 4.0;
			};
			name = Debug;
		};
		0A9194F61FBB3CFD00D72378 /* Release */ = {
			isa = XCBuildConfiguration;
			baseConfigurationReference = E9DF986F5280E900F407CC88 /* Pods-NarodmonApp.release.xcconfig */;
			buildSettings = {
				ASSETCATALOG_COMPILER_APPICON_NAME = AppIcon;
				CODE_SIGN_ENTITLEMENTS = Support/NarodmonApp.entitlements;
				CODE_SIGN_IDENTITY = "Mac Developer";
				CODE_SIGN_STYLE = Automatic;
				COMBINE_HIDPI_IMAGES = YES;
				DEVELOPMENT_TEAM = 9BEQ8V4XH9;
				INFOPLIST_FILE = Support/Info.plist;
				LD_RUNPATH_SEARCH_PATHS = "$(inherited) @executable_path/../Frameworks";
				PRODUCT_BUNDLE_IDENTIFIER = me.borovikov.narodmonbar;
				PRODUCT_NAME = "$(TARGET_NAME)";
				PROVISIONING_PROFILE_SPECIFIER = "";
				SWIFT_VERSION = 4.0;
			};
			name = Release;
		};
/* End XCBuildConfiguration section */

/* Begin XCConfigurationList section */
		0A756281200246090033269C /* Build configuration list for PBXNativeTarget "NarodBarLauncherApp" */ = {
			isa = XCConfigurationList;
			buildConfigurations = (
				0A75627F200246090033269C /* Debug */,
				0A756280200246090033269C /* Release */,
			);
			defaultConfigurationIsVisible = 0;
			defaultConfigurationName = Release;
		};
		0A9194D41FBB3CFC00D72378 /* Build configuration list for PBXProject "narodmon-bar" */ = {
			isa = XCConfigurationList;
			buildConfigurations = (
				0A9194F21FBB3CFD00D72378 /* Debug */,
				0A9194F31FBB3CFD00D72378 /* Release */,
			);
			defaultConfigurationIsVisible = 0;
			defaultConfigurationName = Release;
		};
		0A9194F41FBB3CFD00D72378 /* Build configuration list for PBXNativeTarget "NarodmonApp" */ = {
			isa = XCConfigurationList;
			buildConfigurations = (
				0A9194F51FBB3CFD00D72378 /* Debug */,
				0A9194F61FBB3CFD00D72378 /* Release */,
			);
			defaultConfigurationIsVisible = 0;
			defaultConfigurationName = Release;
		};
/* End XCConfigurationList section */
	};
	rootObject = 0A9194D11FBB3CFC00D72378 /* Project object */;
}
